// !$*UTF8*$!
{
	archiveVersion = 1;
	classes = {
	};
	objectVersion = 50;
	objects = {

/* Begin PBXBuildFile section */
		105BCE7F228836E800588E8C /* AppDelegate.swift in Sources */ = {isa = PBXBuildFile; fileRef = 105BCE7E228836E800588E8C /* AppDelegate.swift */; };
		105BCE81228836E800588E8C /* ViewController.swift in Sources */ = {isa = PBXBuildFile; fileRef = 105BCE80228836E800588E8C /* ViewController.swift */; };
		105BCE84228836E800588E8C /* Main.storyboard in Resources */ = {isa = PBXBuildFile; fileRef = 105BCE82228836E800588E8C /* Main.storyboard */; };
		105BCE86228836EA00588E8C /* Assets.xcassets in Resources */ = {isa = PBXBuildFile; fileRef = 105BCE85228836EA00588E8C /* Assets.xcassets */; };
		105BCE89228836EA00588E8C /* LaunchScreen.storyboard in Resources */ = {isa = PBXBuildFile; fileRef = 105BCE87228836EA00588E8C /* LaunchScreen.storyboard */; };
		105BCE94228836EA00588E8C /* calculatorTests.swift in Sources */ = {isa = PBXBuildFile; fileRef = 105BCE93228836EA00588E8C /* calculatorTests.swift */; };
		105BCE9F228836EA00588E8C /* calculatorUITests.swift in Sources */ = {isa = PBXBuildFile; fileRef = 105BCE9E228836EA00588E8C /* calculatorUITests.swift */; };
/* End PBXBuildFile section */

/* Begin PBXContainerItemProxy section */
		105BCE90228836EA00588E8C /* PBXContainerItemProxy */ = {
			isa = PBXContainerItemProxy;
			containerPortal = 105BCE73228836E800588E8C /* Project object */;
			proxyType = 1;
			remoteGlobalIDString = 105BCE7A228836E800588E8C;
			remoteInfo = calculator;
		};
		105BCE9B228836EA00588E8C /* PBXContainerItemProxy */ = {
			isa = PBXContainerItemProxy;
			containerPortal = 105BCE73228836E800588E8C /* Project object */;
			proxyType = 1;
			remoteGlobalIDString = 105BCE7A228836E800588E8C;
			remoteInfo = calculator;
		};
/* End PBXContainerItemProxy section */

/* Begin PBXFileReference section */
		105BCE7B228836E800588E8C /* calculator.app */ = {isa = PBXFileReference; explicitFileType = wrapper.application; includeInIndex = 0; path = calculator.app; sourceTree = BUILT_PRODUCTS_DIR; };
		105BCE7E228836E800588E8C /* AppDelegate.swift */ = {isa = PBXFileReference; lastKnownFileType = sourcecode.swift; path = AppDelegate.swift; sourceTree = "<group>"; };
		105BCE80228836E800588E8C /* ViewController.swift */ = {isa = PBXFileReference; lastKnownFileType = sourcecode.swift; name = ViewController.swift; path = calculator/ViewController.swift; sourceTree = SOURCE_ROOT; };
		105BCE83228836E800588E8C /* Base */ = {isa = PBXFileReference; lastKnownFileType = file.storyboard; name = Base; path = Base.lproj/Main.storyboard; sourceTree = "<group>"; };
		105BCE85228836EA00588E8C /* Assets.xcassets */ = {isa = PBXFileReference; lastKnownFileType = folder.assetcatalog; path = Assets.xcassets; sourceTree = "<group>"; };
		105BCE88228836EA00588E8C /* Base */ = {isa = PBXFileReference; lastKnownFileType = file.storyboard; name = Base; path = Base.lproj/LaunchScreen.storyboard; sourceTree = "<group>"; };
		105BCE8A228836EA00588E8C /* Info.plist */ = {isa = PBXFileReference; lastKnownFileType = text.plist.xml; path = Info.plist; sourceTree = "<group>"; };
		105BCE8F228836EA00588E8C /* calculatorTests.xctest */ = {isa = PBXFileReference; explicitFileType = wrapper.cfbundle; includeInIndex = 0; path = calculatorTests.xctest; sourceTree = BUILT_PRODUCTS_DIR; };
		105BCE93228836EA00588E8C /* calculatorTests.swift */ = {isa = PBXFileReference; lastKnownFileType = sourcecode.swift; path = calculatorTests.swift; sourceTree = "<group>"; };
		105BCE95228836EA00588E8C /* Info.plist */ = {isa = PBXFileReference; lastKnownFileType = text.plist.xml; path = Info.plist; sourceTree = "<group>"; };
		105BCE9A228836EA00588E8C /* calculatorUITests.xctest */ = {isa = PBXFileReference; explicitFileType = wrapper.cfbundle; includeInIndex = 0; path = calculatorUITests.xctest; sourceTree = BUILT_PRODUCTS_DIR; };
		105BCE9E228836EA00588E8C /* calculatorUITests.swift */ = {isa = PBXFileReference; lastKnownFileType = sourcecode.swift; path = calculatorUITests.swift; sourceTree = "<group>"; };
		105BCEA0228836EA00588E8C /* Info.plist */ = {isa = PBXFileReference; lastKnownFileType = text.plist.xml; path = Info.plist; sourceTree = "<group>"; };
/* End PBXFileReference section */

/* Begin PBXFrameworksBuildPhase section */
		105BCE78228836E800588E8C /* Frameworks */ = {
			isa = PBXFrameworksBuildPhase;
			buildActionMask = 2147483647;
			files = (
			);
			runOnlyForDeploymentPostprocessing = 0;
		};
		105BCE8C228836EA00588E8C /* Frameworks */ = {
			isa = PBXFrameworksBuildPhase;
			buildActionMask = 2147483647;
			files = (
			);
			runOnlyForDeploymentPostprocessing = 0;
		};
		105BCE97228836EA00588E8C /* Frameworks */ = {
			isa = PBXFrameworksBuildPhase;
			buildActionMask = 2147483647;
			files = (
			);
			runOnlyForDeploymentPostprocessing = 0;
		};
/* End PBXFrameworksBuildPhase section */

/* Begin PBXGroup section */
		105BCE72228836E800588E8C = {
			isa = PBXGroup;
			children = (
				105BCE7D228836E800588E8C /* calculator */,
				105BCE92228836EA00588E8C /* calculatorTests */,
				105BCE9D228836EA00588E8C /* calculatorUITests */,
				105BCE7C228836E800588E8C /* Products */,
			);
			sourceTree = "<group>";
		};
		105BCE7C228836E800588E8C /* Products */ = {
			isa = PBXGroup;
			children = (
				105BCE7B228836E800588E8C /* calculator.app */,
				105BCE8F228836EA00588E8C /* calculatorTests.xctest */,
				105BCE9A228836EA00588E8C /* calculatorUITests.xctest */,
			);
			name = Products;
			sourceTree = "<group>";
		};
		105BCE7D228836E800588E8C /* calculator */ = {
			isa = PBXGroup;
			children = (
				105BCE7E228836E800588E8C /* AppDelegate.swift */,
				105BCE80228836E800588E8C /* ViewController.swift */,
				105BCE82228836E800588E8C /* Main.storyboard */,
				105BCE85228836EA00588E8C /* Assets.xcassets */,
				105BCE87228836EA00588E8C /* LaunchScreen.storyboard */,
				105BCE8A228836EA00588E8C /* Info.plist */,
			);
			path = calculator;
			sourceTree = "<group>";
		};
		105BCE92228836EA00588E8C /* calculatorTests */ = {
			isa = PBXGroup;
			children = (
				105BCE93228836EA00588E8C /* calculatorTests.swift */,
				105BCE95228836EA00588E8C /* Info.plist */,
			);
			path = calculatorTests;
			sourceTree = "<group>";
		};
		105BCE9D228836EA00588E8C /* calculatorUITests */ = {
			isa = PBXGroup;
			children = (
				105BCE9E228836EA00588E8C /* calculatorUITests.swift */,
				105BCEA0228836EA00588E8C /* Info.plist */,
			);
			path = calculatorUITests;
			sourceTree = "<group>";
		};
/* End PBXGroup section */

/* Begin PBXNativeTarget section */
		105BCE7A228836E800588E8C /* calculator */ = {
			isa = PBXNativeTarget;
			buildConfigurationList = 105BCEA3228836EA00588E8C /* Build configuration list for PBXNativeTarget "calculator" */;
			buildPhases = (
				105BCE77228836E800588E8C /* Sources */,
				105BCE78228836E800588E8C /* Frameworks */,
				105BCE79228836E800588E8C /* Resources */,
			);
			buildRules = (
			);
			dependencies = (
			);
			name = calculator;
			productName = calculator;
			productReference = 105BCE7B228836E800588E8C /* calculator.app */;
			productType = "com.apple.product-type.application";
		};
		105BCE8E228836EA00588E8C /* calculatorTests */ = {
			isa = PBXNativeTarget;
			buildConfigurationList = 105BCEA6228836EA00588E8C /* Build configuration list for PBXNativeTarget "calculatorTests" */;
			buildPhases = (
				105BCE8B228836EA00588E8C /* Sources */,
				105BCE8C228836EA00588E8C /* Frameworks */,
				105BCE8D228836EA00588E8C /* Resources */,
			);
			buildRules = (
			);
			dependencies = (
				105BCE91228836EA00588E8C /* PBXTargetDependency */,
			);
			name = calculatorTests;
			productName = calculatorTests;
			productReference = 105BCE8F228836EA00588E8C /* calculatorTests.xctest */;
			productType = "com.apple.product-type.bundle.unit-test";
		};
		105BCE99228836EA00588E8C /* calculatorUITests */ = {
			isa = PBXNativeTarget;
			buildConfigurationList = 105BCEA9228836EA00588E8C /* Build configuration list for PBXNativeTarget "calculatorUITests" */;
			buildPhases = (
				105BCE96228836EA00588E8C /* Sources */,
				105BCE97228836EA00588E8C /* Frameworks */,
				105BCE98228836EA00588E8C /* Resources */,
			);
			buildRules = (
			);
			dependencies = (
				105BCE9C228836EA00588E8C /* PBXTargetDependency */,
			);
			name = calculatorUITests;
			productName = calculatorUITests;
			productReference = 105BCE9A228836EA00588E8C /* calculatorUITests.xctest */;
			productType = "com.apple.product-type.bundle.ui-testing";
		};
/* End PBXNativeTarget section */

/* Begin PBXProject section */
		105BCE73228836E800588E8C /* Project object */ = {
			isa = PBXProject;
			attributes = {
				LastSwiftUpdateCheck = 1020;
				LastUpgradeCheck = 1020;
				ORGANIZATIONNAME = "Sunil Kumar";
				TargetAttributes = {
					105BCE7A228836E800588E8C = {
						CreatedOnToolsVersion = 10.2.1;
					};
					105BCE8E228836EA00588E8C = {
						CreatedOnToolsVersion = 10.2.1;
						TestTargetID = 105BCE7A228836E800588E8C;
					};
					105BCE99228836EA00588E8C = {
						CreatedOnToolsVersion = 10.2.1;
						TestTargetID = 105BCE7A228836E800588E8C;
					};
				};
			};
			buildConfigurationList = 105BCE76228836E800588E8C /* Build configuration list for PBXProject "calculator" */;
			compatibilityVersion = "Xcode 9.3";
			developmentRegion = en;
			hasScannedForEncodings = 0;
			knownRegions = (
				en,
				Base,
			);
			mainGroup = 105BCE72228836E800588E8C;
			productRefGroup = 105BCE7C228836E800588E8C /* Products */;
			projectDirPath = "";
			projectRoot = "";
			targets = (
				105BCE7A228836E800588E8C /* calculator */,
				105BCE8E228836EA00588E8C /* calculatorTests */,
				105BCE99228836EA00588E8C /* calculatorUITests */,
			);
		};
/* End PBXProject section */

/* Begin PBXResourcesBuildPhase section */
		105BCE79228836E800588E8C /* Resources */ = {
			isa = PBXResourcesBuildPhase;
			buildActionMask = 2147483647;
			files = (
				105BCE89228836EA00588E8C /* LaunchScreen.storyboard in Resources */,
				105BCE86228836EA00588E8C /* Assets.xcassets in Resources */,
				105BCE84228836E800588E8C /* Main.storyboard in Resources */,
			);
			runOnlyForDeploymentPostprocessing = 0;
		};
		105BCE8D228836EA00588E8C /* Resources */ = {
			isa = PBXResourcesBuildPhase;
			buildActionMask = 2147483647;
			files = (
			);
			runOnlyForDeploymentPostprocessing = 0;
		};
		105BCE98228836EA00588E8C /* Resources */ = {
			isa = PBXResourcesBuildPhase;
			buildActionMask = 2147483647;
			files = (
			);
			runOnlyForDeploymentPostprocessing = 0;
		};
/* End PBXResourcesBuildPhase section */

/* Begin PBXSourcesBuildPhase section */
		105BCE77228836E800588E8C /* Sources */ = {
			isa = PBXSourcesBuildPhase;
			buildActionMask = 2147483647;
			files = (
				105BCE81228836E800588E8C /* ViewController.swift in Sources */,
				105BCE7F228836E800588E8C /* AppDelegate.swift in Sources */,
			);
			runOnlyForDeploymentPostprocessing = 0;
		};
		105BCE8B228836EA00588E8C /* Sources */ = {
			isa = PBXSourcesBuildPhase;
			buildActionMask = 2147483647;
			files = (
				105BCE94228836EA00588E8C /* calculatorTests.swift in Sources */,
			);
			runOnlyForDeploymentPostprocessing = 0;
		};
		105BCE96228836EA00588E8C /* Sources */ = {
			isa = PBXSourcesBuildPhase;
			buildActionMask = 2147483647;
			files = (
				105BCE9F228836EA00588E8C /* calculatorUITests.swift in Sources */,
			);
			runOnlyForDeploymentPostprocessing = 0;
		};
/* End PBXSourcesBuildPhase section */

/* Begin PBXTargetDependency section */
		105BCE91228836EA00588E8C /* PBXTargetDependency */ = {
			isa = PBXTargetDependency;
			target = 105BCE7A228836E800588E8C /* calculator */;
			targetProxy = 105BCE90228836EA00588E8C /* PBXContainerItemProxy */;
		};
		105BCE9C228836EA00588E8C /* PBXTargetDependency */ = {
			isa = PBXTargetDependency;
			target = 105BCE7A228836E800588E8C /* calculator */;
			targetProxy = 105BCE9B228836EA00588E8C /* PBXContainerItemProxy */;
		};
/* End PBXTargetDependency section */

/* Begin PBXVariantGroup section */
		105BCE82228836E800588E8C /* Main.storyboard */ = {
			isa = PBXVariantGroup;
			children = (
				105BCE83228836E800588E8C /* Base */,
			);
			name = Main.storyboard;
			sourceTree = "<group>";
		};
		105BCE87228836EA00588E8C /* LaunchScreen.storyboard */ = {
			isa = PBXVariantGroup;
			children = (
				105BCE88228836EA00588E8C /* Base */,
			);
			name = LaunchScreen.storyboard;
			sourceTree = "<group>";
		};
/* End PBXVariantGroup section */

/* Begin XCBuildConfiguration section */
		105BCEA1228836EA00588E8C /* Debug */ = {
			isa = XCBuildConfiguration;
			buildSettings = {
				ALWAYS_SEARCH_USER_PATHS = NO;
				CLANG_ANALYZER_NONNULL = YES;
				CLANG_ANALYZER_NUMBER_OBJECT_CONVERSION = YES_AGGRESSIVE;
				CLANG_CXX_LANGUAGE_STANDARD = "gnu++14";
				CLANG_CXX_LIBRARY = "libc++";
				CLANG_ENABLE_MODULES = YES;
				CLANG_ENABLE_OBJC_ARC = YES;
				CLANG_ENABLE_OBJC_WEAK = YES;
				CLANG_WARN_BLOCK_CAPTURE_AUTORELEASING = YES;
				CLANG_WARN_BOOL_CONVERSION = YES;
				CLANG_WARN_COMMA = YES;
				CLANG_WARN_CONSTANT_CONVERSION = YES;
				CLANG_WARN_DEPRECATED_OBJC_IMPLEMENTATIONS = YES;
				CLANG_WARN_DIRECT_OBJC_ISA_USAGE = YES_ERROR;
				CLANG_WARN_DOCUMENTATION_COMMENTS = YES;
				CLANG_WARN_EMPTY_BODY = YES;
				CLANG_WARN_ENUM_CONVERSION = YES;
				CLANG_WARN_INFINITE_RECURSION = YES;
				CLANG_WARN_INT_CONVERSION = YES;
				CLANG_WARN_NON_LITERAL_NULL_CONVERSION = YES;
				CLANG_WARN_OBJC_IMPLICIT_RETAIN_SELF = YES;
				CLANG_WARN_OBJC_LITERAL_CONVERSION = YES;
				CLANG_WARN_OBJC_ROOT_CLASS = YES_ERROR;
				CLANG_WARN_RANGE_LOOP_ANALYSIS = YES;
				CLANG_WARN_STRICT_PROTOTYPES = YES;
				CLANG_WARN_SUSPICIOUS_MOVE = YES;
				CLANG_WARN_UNGUARDED_AVAILABILITY = YES_AGGRESSIVE;
				CLANG_WARN_UNREACHABLE_CODE = YES;
				CLANG_WARN__DUPLICATE_METHOD_MATCH = YES;
				CODE_SIGN_IDENTITY = "iPhone Developer";
				COPY_PHASE_STRIP = NO;
				DEBUG_INFORMATION_FORMAT = dwarf;
				ENABLE_STRICT_OBJC_MSGSEND = YES;
				ENABLE_TESTABILITY = YES;
				GCC_C_LANGUAGE_STANDARD = gnu11;
				GCC_DYNAMIC_NO_PIC = NO;
				GCC_NO_COMMON_BLOCKS = YES;
				GCC_OPTIMIZATION_LEVEL = 0;
				GCC_PREPROCESSOR_DEFINITIONS = (
					"DEBUG=1",
					"$(inherited)",
				);
				GCC_WARN_64_TO_32_BIT_CONVERSION = YES;
				GCC_WARN_ABOUT_RETURN_TYPE = YES_ERROR;
				GCC_WARN_UNDECLARED_SELECTOR = YES;
				GCC_WARN_UNINITIALIZED_AUTOS = YES_AGGRESSIVE;
				GCC_WARN_UNUSED_FUNCTION = YES;
				GCC_WARN_UNUSED_VARIABLE = YES;
				IPHONEOS_DEPLOYMENT_TARGET = 12.2;
				MTL_ENABLE_DEBUG_INFO = INCLUDE_SOURCE;
				MTL_FAST_MATH = YES;
				ONLY_ACTIVE_ARCH = YES;
				SDKROOT = iphoneos;
				SWIFT_ACTIVE_COMPILATION_CONDITIONS = DEBUG;
				SWIFT_OPTIMIZATION_LEVEL = "-Onone";
			};
			name = Debug;
		};
		105BCEA2228836EA00588E8C /* Release */ = {
			isa = XCBuildConfiguration;
			buildSettings = {
				ALWAYS_SEARCH_USER_PATHS = NO;
				CLANG_ANALYZER_NONNULL = YES;
				CLANG_ANALYZER_NUMBER_OBJECT_CONVERSION = YES_AGGRESSIVE;
				CLANG_CXX_LANGUAGE_STANDARD = "gnu++14";
				CLANG_CXX_LIBRARY = "libc++";
				CLANG_ENABLE_MODULES = YES;
				CLANG_ENABLE_OBJC_ARC = YES;
				CLANG_ENABLE_OBJC_WEAK = YES;
				CLANG_WARN_BLOCK_CAPTURE_AUTORELEASING = YES;
				CLANG_WARN_BOOL_CONVERSION = YES;
				CLANG_WARN_COMMA = YES;
				CLANG_WARN_CONSTANT_CONVERSION = YES;
				CLANG_WARN_DEPRECATED_OBJC_IMPLEMENTATIONS = YES;
				CLANG_WARN_DIRECT_OBJC_ISA_USAGE = YES_ERROR;
				CLANG_WARN_DOCUMENTATION_COMMENTS = YES;
				CLANG_WARN_EMPTY_BODY = YES;
				CLANG_WARN_ENUM_CONVERSION = YES;
				CLANG_WARN_INFINITE_RECURSION = YES;
				CLANG_WARN_INT_CONVERSION = YES;
				CLANG_WARN_NON_LITERAL_NULL_CONVERSION = YES;
				CLANG_WARN_OBJC_IMPLICIT_RETAIN_SELF = YES;
				CLANG_WARN_OBJC_LITERAL_CONVERSION = YES;
				CLANG_WARN_OBJC_ROOT_CLASS = YES_ERROR;
				CLANG_WARN_RANGE_LOOP_ANALYSIS = YES;
				CLANG_WARN_STRICT_PROTOTYPES = YES;
				CLANG_WARN_SUSPICIOUS_MOVE = YES;
				CLANG_WARN_UNGUARDED_AVAILABILITY = YES_AGGRESSIVE;
				CLANG_WARN_UNREACHABLE_CODE = YES;
				CLANG_WARN__DUPLICATE_METHOD_MATCH = YES;
				CODE_SIGN_IDENTITY = "iPhone Developer";
				COPY_PHASE_STRIP = NO;
				DEBUG_INFORMATION_FORMAT = "dwarf-with-dsym";
				ENABLE_NS_ASSERTIONS = NO;
				ENABLE_STRICT_OBJC_MSGSEND = YES;
				GCC_C_LANGUAGE_STANDARD = gnu11;
				GCC_NO_COMMON_BLOCKS = YES;
				GCC_WARN_64_TO_32_BIT_CONVERSION = YES;
				GCC_WARN_ABOUT_RETURN_TYPE = YES_ERROR;
				GCC_WARN_UNDECLARED_SELECTOR = YES;
				GCC_WARN_UNINITIALIZED_AUTOS = YES_AGGRESSIVE;
				GCC_WARN_UNUSED_FUNCTION = YES;
				GCC_WARN_UNUSED_VARIABLE = YES;
				IPHONEOS_DEPLOYMENT_TARGET = 12.2;
				MTL_ENABLE_DEBUG_INFO = NO;
				MTL_FAST_MATH = YES;
				SDKROOT = iphoneos;
				SWIFT_COMPILATION_MODE = wholemodule;
				SWIFT_OPTIMIZATION_LEVEL = "-O";
				VALIDATE_PRODUCT = YES;
			};
			name = Release;
		};
		105BCEA4228836EA00588E8C /* Debug */ = {
			isa = XCBuildConfiguration;
			buildSettings = {
				ASSETCATALOG_COMPILER_APPICON_NAME = AppIcon;
				CODE_SIGN_STYLE = Automatic;
				INFOPLIST_FILE = calculator/Info.plist;
				LD_RUNPATH_SEARCH_PATHS = (
					"$(inherited)",
					"@executable_path/Frameworks",
				);
				PRODUCT_BUNDLE_IDENTIFIER = com.swiftlearning.calculator;
				PRODUCT_NAME = "$(TARGET_NAME)";
				SWIFT_VERSION = 5.0;
				TARGETED_DEVICE_FAMILY = "1,2";
			};
			name = Debug;
		};
		105BCEA5228836EA00588E8C /* Release */ = {
			isa = XCBuildConfiguration;
			buildSettings = {
				ASSETCATALOG_COMPILER_APPICON_NAME = AppIcon;
				CODE_SIGN_STYLE = Automatic;
				INFOPLIST_FILE = calculator/Info.plist;
				LD_RUNPATH_SEARCH_PATHS = (
					"$(inherited)",
					"@executable_path/Frameworks",
				);
				PRODUCT_BUNDLE_IDENTIFIER = com.swiftlearning.calculator;
				PRODUCT_NAME = "$(TARGET_NAME)";
				SWIFT_VERSION = 5.0;
				TARGETED_DEVICE_FAMILY = "1,2";
			};
			name = Release;
		};
		105BCEA7228836EA00588E8C /* Debug */ = {
			isa = XCBuildConfiguration;
			buildSettings = {
				ALWAYS_EMBED_SWIFT_STANDARD_LIBRARIES = YES;
				BUNDLE_LOADER = "$(TEST_HOST)";
				CODE_SIGN_STYLE = Automatic;
				INFOPLIST_FILE = calculatorTests/Info.plist;
				LD_RUNPATH_SEARCH_PATHS = (
					"$(inherited)",
					"@executable_path/Frameworks",
					"@loader_path/Frameworks",
				);
				PRODUCT_BUNDLE_IDENTIFIER = com.swiftlearning.calculatorTests;
				PRODUCT_NAME = "$(TARGET_NAME)";
				SWIFT_VERSION = 5.0;
				TARGETED_DEVICE_FAMILY = "1,2";
				TEST_HOST = "$(BUILT_PRODUCTS_DIR)/calculator.app/calculator";
			};
			name = Debug;
		};
		105BCEA8228836EA00588E8C /* Release */ = {
			isa = XCBuildConfiguration;
			buildSettings = {
				ALWAYS_EMBED_SWIFT_STANDARD_LIBRARIES = YES;
				BUNDLE_LOADER = "$(TEST_HOST)";
				CODE_SIGN_STYLE = Automatic;
				INFOPLIST_FILE = calculatorTests/Info.plist;
				LD_RUNPATH_SEARCH_PATHS = (
					"$(inherited)",
					"@executable_path/Frameworks",
					"@loader_path/Frameworks",
				);
				PRODUCT_BUNDLE_IDENTIFIER = com.swiftlearning.calculatorTests;
				PRODUCT_NAME = "$(TARGET_NAME)";
				SWIFT_VERSION = 5.0;
				TARGETED_DEVICE_FAMILY = "1,2";
				TEST_HOST = "$(BUILT_PRODUCTS_DIR)/calculator.app/calculator";
			};
			name = Release;
		};
		105BCEAA228836EA00588E8C /* Debug */ = {
			isa = XCBuildConfiguration;
			buildSettings = {
				ALWAYS_EMBED_SWIFT_STANDARD_LIBRARIES = YES;
				CODE_SIGN_STYLE = Automatic;
				INFOPLIST_FILE = calculatorUITests/Info.plist;
				LD_RUNPATH_SEARCH_PATHS = (
					"$(inherited)",
					"@executable_path/Frameworks",
					"@loader_path/Frameworks",
				);
				PRODUCT_BUNDLE_IDENTIFIER = com.swiftlearning.calculatorUITests;
				PRODUCT_NAME = "$(TARGET_NAME)";
				SWIFT_VERSION = 5.0;
				TARGETED_DEVICE_FAMILY = "1,2";
				TEST_TARGET_NAME = calculator;
			};
			name = Debug;
		};
		105BCEAB228836EA00588E8C /* Release */ = {
			isa = XCBuildConfiguration;
			buildSettings = {
				ALWAYS_EMBED_SWIFT_STANDARD_LIBRARIES = YES;
				CODE_SIGN_STYLE = Automatic;
				INFOPLIST_FILE = calculatorUITests/Info.plist;
				LD_RUNPATH_SEARCH_PATHS = (
					"$(inherited)",
					"@executable_path/Frameworks",
					"@loader_path/Frameworks",
				);
				PRODUCT_BUNDLE_IDENTIFIER = com.swiftlearning.calculatorUITests;
				PRODUCT_NAME = "$(TARGET_NAME)";
				SWIFT_VERSION = 5.0;
				TARGETED_DEVICE_FAMILY = "1,2";
				TEST_TARGET_NAME = calculator;
			};
			name = Release;
		};
/* End XCBuildConfiguration section */

/* Begin XCConfigurationList section */
		105BCE76228836E800588E8C /* Build configuration list for PBXProject "calculator" */ = {
			isa = XCConfigurationList;
			buildConfigurations = (
				105BCEA1228836EA00588E8C /* Debug */,
				105BCEA2228836EA00588E8C /* Release */,
			);
			defaultConfigurationIsVisible = 0;
			defaultConfigurationName = Release;
		};
		105BCEA3228836EA00588E8C /* Build configuration list for PBXNativeTarget "calculator" */ = {
			isa = XCConfigurationList;
			buildConfigurations = (
				105BCEA4228836EA00588E8C /* Debug */,
				105BCEA5228836EA00588E8C /* Release */,
			);
			defaultConfigurationIsVisible = 0;
			defaultConfigurationName = Release;
		};
		105BCEA6228836EA00588E8C /* Build configuration list for PBXNativeTarget "calculatorTests" */ = {
			isa = XCConfigurationList;
			buildConfigurations = (
				105BCEA7228836EA00588E8C /* Debug */,
				105BCEA8228836EA00588E8C /* Release */,
			);
			defaultConfigurationIsVisible = 0;
			defaultConfigurationName = Release;
		};
		105BCEA9228836EA00588E8C /* Build configuration list for PBXNativeTarget "calculatorUITests" */ = {
			isa = XCConfigurationList;
			buildConfigurations = (
				105BCEAA228836EA00588E8C /* Debug */,
				105BCEAB228836EA00588E8C /* Release */,
			);
			defaultConfigurationIsVisible = 0;
			defaultConfigurationName = Release;
		};
/* End XCConfigurationList section */
	};
	rootObject = 105BCE73228836E800588E8C /* Project object */;
}
